
Microsoft Visual Studio Solution File, Format Version 12.00
# Visual Studio Version 17
VisualStudioVersion = 17.4.33205.214
MinimumVisualStudioVersion = 10.0.40219.1
Project("{FAE04EC0-301F-11D3-BF4B-00C04F79EFBC}") = "TerminalEpubComicToCbz", "TerminalEpubComicToCbz\TerminalEpubComicToCbz.csproj", "{FAA6AB56-BF3A-47E2-A5F7-B3009C0C9D3C}"
EndProject
Project("{FAE04EC0-301F-11D3-BF4B-00C04F79EFBC}") = "Domain", "Domain\Domain.csproj", "{1C075C8F-263A-418D-9213-6670E38B0B41}"
EndProject
Global
	GlobalSection(SolutionConfigurationPlatforms) = preSolution
		Debug|Any CPU = Debug|Any CPU
		Release|Any CPU = Release|Any CPU
	EndGlobalSection
	GlobalSection(ProjectConfigurationPlatforms) = postSolution
		{FAA6AB56-BF3A-47E2-A5F7-B3009C0C9D3C}.Debug|Any CPU.ActiveCfg = Debug|Any CPU
		{FAA6AB56-BF3A-47E2-A5F7-B3009C0C9D3C}.Debug|Any CPU.Build.0 = Debug|Any CPU
		{FAA6AB56-BF3A-47E2-A5F7-B3009C0C9D3C}.Release|Any CPU.ActiveCfg = Release|Any CPU
		{FAA6AB56-BF3A-47E2-A5F7-B3009C0C9D3C}.Release|Any CPU.Build.0 = Release|Any CPU
		{1C075C8F-263A-418D-9213-6670E38B0B41}.Debug|Any CPU.ActiveCfg = Debug|Any CPU
		{1C075C8F-263A-418D-9213-6670E38B0B41}.Debug|Any CPU.Build.0 = Debug|Any CPU
		{1C075C8F-263A-418D-9213-6670E38B0B41}.Release|Any CPU.ActiveCfg = Release|Any CPU
		{1C075C8F-263A-418D-9213-6670E38B0B41}.Release|Any CPU.Build.0 = Release|Any CPU
	EndGlobalSection
	GlobalSection(SolutionProperties) = preSolution
		HideSolutionNode = FALSE
	EndGlobalSection
	GlobalSection(ExtensibilityGlobals) = postSolution
		SolutionGuid = {EF9B2AB9-695B-4064-B5F0-D29AFE8C5545}
	EndGlobalSection
EndGlobal
